
Microsoft Visual Studio Solution File, Format Version 12.00
# Visual Studio Version 17
VisualStudioVersion = 17.0.31903.59
MinimumVisualStudioVersion = 10.0.40219.1
Project("{2150E333-8FDC-42A3-9474-1A3956D46DE8}") = "semana1", "semana1", "{8E549192-FB13-4BB6-B8F4-E07E0DB49A44}"
EndProject
Project("{2150E333-8FDC-42A3-9474-1A3956D46DE8}") = "TA", "TA", "{D8222C2F-51BF-4B3E-94E5-7987AF6671D2}"
EndProject
Project("{2150E333-8FDC-42A3-9474-1A3956D46DE8}") = "DOTNET", "DOTNET", "{9133458A-2AC2-4600-B0EA-2FB07911731E}"
EndProject
Project("{FAE04EC0-301F-11D3-BF4B-00C04F79EFBC}") = "helloWorldwitn.net", "semana1\TA\DOTNET\helloWorldwitn.net\helloWorldwitn.net.csproj", "{FE96B86C-69E9-448C-972C-9501DA2F136F}"
EndProject
Global
	GlobalSection(SolutionConfigurationPlatforms) = preSolution
		Debug|Any CPU = Debug|Any CPU
		Release|Any CPU = Release|Any CPU
	EndGlobalSection
	GlobalSection(SolutionProperties) = preSolution
		HideSolutionNode = FALSE
	EndGlobalSection
	GlobalSection(ProjectConfigurationPlatforms) = postSolution
		{FE96B86C-69E9-448C-972C-9501DA2F136F}.Debug|Any CPU.ActiveCfg = Debug|Any CPU
		{FE96B86C-69E9-448C-972C-9501DA2F136F}.Debug|Any CPU.Build.0 = Debug|Any CPU
		{FE96B86C-69E9-448C-972C-9501DA2F136F}.Release|Any CPU.ActiveCfg = Release|Any CPU
		{FE96B86C-69E9-448C-972C-9501DA2F136F}.Release|Any CPU.Build.0 = Release|Any CPU
	EndGlobalSection
	GlobalSection(NestedProjects) = preSolution
		{D8222C2F-51BF-4B3E-94E5-7987AF6671D2} = {8E549192-FB13-4BB6-B8F4-E07E0DB49A44}
		{9133458A-2AC2-4600-B0EA-2FB07911731E} = {D8222C2F-51BF-4B3E-94E5-7987AF6671D2}
		{FE96B86C-69E9-448C-972C-9501DA2F136F} = {9133458A-2AC2-4600-B0EA-2FB07911731E}
	EndGlobalSection
EndGlobal
